
Microsoft Visual Studio Solution File, Format Version 12.00
# Visual Studio Version 17
VisualStudioVersion = 17.13.35806.99
MinimumVisualStudioVersion = 10.0.40219.1
Project("{FAE04EC0-301F-11D3-BF4B-00C04F79EFBC}") = "DuyTanSharingSystem", "DuyTanSharingSystem\DuyTanSharingSystem.csproj", "{8183FAD0-6B0F-48A3-9EAD-F12AFCA844EA}"
EndProject
Project("{FAE04EC0-301F-11D3-BF4B-00C04F79EFBC}") = "Domain", "Domain\Domain.csproj", "{1A3494F4-4C67-41E0-89E2-675B6701F758}"
EndProject
Project("{FAE04EC0-301F-11D3-BF4B-00C04F79EFBC}") = "Application", "Application\Application.csproj", "{A4A8FF9C-1CE0-4666-8A69-202073544063}"
EndProject
Project("{FAE04EC0-301F-11D3-BF4B-00C04F79EFBC}") = "Infrastructure", "Infastructure\Infrastructure.csproj", "{9993B3EB-82B4-4334-9CE9-259AF6A4D09D}"
EndProject
Project("{FAE04EC0-301F-11D3-BF4B-00C04F79EFBC}") = "Test", "Test\Test.csproj", "{CF83D28A-A597-4D92-865C-91DDFE297826}"
EndProject
Project("{FAE04EC0-301F-11D3-BF4B-00C04F79EFBC}") = "MLTraining", "MLTraining\MLTraining.csproj", "{5E4890E9-CDEF-4E2A-8D99-9CA41FC9CC71}"
EndProject
Project("{FAE04EC0-301F-11D3-BF4B-00C04F79EFBC}") = "TestProject", "TestProject\TestProject.csproj", "{90FFA266-0287-4738-8438-F66F15502775}"
EndProject
Global
	GlobalSection(SolutionConfigurationPlatforms) = preSolution
		Debug|Any CPU = Debug|Any CPU
		Release|Any CPU = Release|Any CPU
	EndGlobalSection
	GlobalSection(ProjectConfigurationPlatforms) = postSolution
		{8183FAD0-6B0F-48A3-9EAD-F12AFCA844EA}.Debug|Any CPU.ActiveCfg = Debug|Any CPU
		{8183FAD0-6B0F-48A3-9EAD-F12AFCA844EA}.Debug|Any CPU.Build.0 = Debug|Any CPU
		{8183FAD0-6B0F-48A3-9EAD-F12AFCA844EA}.Release|Any CPU.ActiveCfg = Release|Any CPU
		{8183FAD0-6B0F-48A3-9EAD-F12AFCA844EA}.Release|Any CPU.Build.0 = Release|Any CPU
		{1A3494F4-4C67-41E0-89E2-675B6701F758}.Debug|Any CPU.ActiveCfg = Debug|Any CPU
		{1A3494F4-4C67-41E0-89E2-675B6701F758}.Debug|Any CPU.Build.0 = Debug|Any CPU
		{1A3494F4-4C67-41E0-89E2-675B6701F758}.Release|Any CPU.ActiveCfg = Release|Any CPU
		{1A3494F4-4C67-41E0-89E2-675B6701F758}.Release|Any CPU.Build.0 = Release|Any CPU
		{A4A8FF9C-1CE0-4666-8A69-202073544063}.Debug|Any CPU.ActiveCfg = Debug|Any CPU
		{A4A8FF9C-1CE0-4666-8A69-202073544063}.Debug|Any CPU.Build.0 = Debug|Any CPU
		{A4A8FF9C-1CE0-4666-8A69-202073544063}.Release|Any CPU.ActiveCfg = Release|Any CPU
		{A4A8FF9C-1CE0-4666-8A69-202073544063}.Release|Any CPU.Build.0 = Release|Any CPU
		{9993B3EB-82B4-4334-9CE9-259AF6A4D09D}.Debug|Any CPU.ActiveCfg = Debug|Any CPU
		{9993B3EB-82B4-4334-9CE9-259AF6A4D09D}.Debug|Any CPU.Build.0 = Debug|Any CPU
		{9993B3EB-82B4-4334-9CE9-259AF6A4D09D}.Release|Any CPU.ActiveCfg = Release|Any CPU
		{9993B3EB-82B4-4334-9CE9-259AF6A4D09D}.Release|Any CPU.Build.0 = Release|Any CPU
		{CF83D28A-A597-4D92-865C-91DDFE297826}.Debug|Any CPU.ActiveCfg = Debug|Any CPU
		{CF83D28A-A597-4D92-865C-91DDFE297826}.Debug|Any CPU.Build.0 = Debug|Any CPU
		{CF83D28A-A597-4D92-865C-91DDFE297826}.Release|Any CPU.ActiveCfg = Release|Any CPU
		{CF83D28A-A597-4D92-865C-91DDFE297826}.Release|Any CPU.Build.0 = Release|Any CPU
		{5E4890E9-CDEF-4E2A-8D99-9CA41FC9CC71}.Debug|Any CPU.ActiveCfg = Debug|Any CPU
		{5E4890E9-CDEF-4E2A-8D99-9CA41FC9CC71}.Debug|Any CPU.Build.0 = Debug|Any CPU
		{5E4890E9-CDEF-4E2A-8D99-9CA41FC9CC71}.Release|Any CPU.ActiveCfg = Release|Any CPU
		{5E4890E9-CDEF-4E2A-8D99-9CA41FC9CC71}.Release|Any CPU.Build.0 = Release|Any CPU
		{90FFA266-0287-4738-8438-F66F15502775}.Debug|Any CPU.ActiveCfg = Debug|Any CPU
		{90FFA266-0287-4738-8438-F66F15502775}.Debug|Any CPU.Build.0 = Debug|Any CPU
		{90FFA266-0287-4738-8438-F66F15502775}.Release|Any CPU.ActiveCfg = Release|Any CPU
		{90FFA266-0287-4738-8438-F66F15502775}.Release|Any CPU.Build.0 = Release|Any CPU
	EndGlobalSection
	GlobalSection(SolutionProperties) = preSolution
		HideSolutionNode = FALSE
	EndGlobalSection
	GlobalSection(ExtensibilityGlobals) = postSolution
		SolutionGuid = {EACB981A-6A36-4A04-BDAB-468761F5B1FC}
	EndGlobalSection
EndGlobal
